
Microsoft Visual Studio Solution File, Format Version 12.00
# Visual Studio Version 16
VisualStudioVersion = 16.0.28803.352
MinimumVisualStudioVersion = 10.0.40219.1
Project("{2150E333-8FDC-42A3-9474-1A3956D46DE8}") = "Core", "Core", "{F8CCC742-0424-4BB7-BF20-24A1D90D6F5F}"
EndProject
Project("{2150E333-8FDC-42A3-9474-1A3956D46DE8}") = ".nuget", ".nuget", "{BB132FA1-13A6-44AE-9017-90B2D3060044}"
	ProjectSection(SolutionItems) = preProject
		.nuget\NuGet.Config = .nuget\NuGet.Config
		.nuget\NuGet.exe = .nuget\NuGet.exe
		.nuget\NuGet.targets = .nuget\NuGet.targets
		.nuget\packages.config = .nuget\packages.config
	EndProjectSection
EndProject
Project("{2150E333-8FDC-42A3-9474-1A3956D46DE8}") = "Rest", "Rest", "{0ACC0035-F1FD-4B66-9F7A-6D95720F42FB}"
EndProject
Project("{FAE04EC0-301F-11D3-BF4B-00C04F79EFBC}") = "Web.App", "Web.App\Web.App.csproj", "{7416EAD7-AD1E-486B-9CA4-B57977BE93FA}"
EndProject
Project("{FAE04EC0-301F-11D3-BF4B-00C04F79EFBC}") = "Web.Contexto", "Web.Contexto\Web.Contexto.csproj", "{A904E556-E13B-43D5-8963-B3BCF8D1105C}"
EndProject
Project("{2150E333-8FDC-42A3-9474-1A3956D46DE8}") = "Aplicaciones", "Aplicaciones", "{CA754B32-CACA-4449-BA46-1438D9A47FA5}"
EndProject
Project("{2150E333-8FDC-42A3-9474-1A3956D46DE8}") = "RestCommon", "RestCommon", "{087109E7-C245-4A67-B0DB-925C99A9F55D}"
EndProject
Project("{FAE04EC0-301F-11D3-BF4B-00C04F79EFBC}") = "Web1", "Web1\Web1.csproj", "{FBF7DA01-E49C-4AE2-99C2-580A10337611}"
EndProject
Project("{FAE04EC0-301F-11D3-BF4B-00C04F79EFBC}") = "Web.Base", "Web.Base\Web.Base.csproj", "{F86CCF5E-22A8-459B-9406-6ADECF872CD3}"
EndProject
Global
	GlobalSection(SolutionConfigurationPlatforms) = preSolution
		Debug|Any CPU = Debug|Any CPU
		Debug|ARM = Debug|ARM
		Debug|x64 = Debug|x64
		Debug|x86 = Debug|x86
		Release|Any CPU = Release|Any CPU
		Release|ARM = Release|ARM
		Release|x64 = Release|x64
		Release|x86 = Release|x86
	EndGlobalSection
	GlobalSection(ProjectConfigurationPlatforms) = postSolution
		{7416EAD7-AD1E-486B-9CA4-B57977BE93FA}.Debug|Any CPU.ActiveCfg = Debug|Any CPU
		{7416EAD7-AD1E-486B-9CA4-B57977BE93FA}.Debug|Any CPU.Build.0 = Debug|Any CPU
		{7416EAD7-AD1E-486B-9CA4-B57977BE93FA}.Debug|ARM.ActiveCfg = Debug|Any CPU
		{7416EAD7-AD1E-486B-9CA4-B57977BE93FA}.Debug|ARM.Build.0 = Debug|Any CPU
		{7416EAD7-AD1E-486B-9CA4-B57977BE93FA}.Debug|x64.ActiveCfg = Debug|Any CPU
		{7416EAD7-AD1E-486B-9CA4-B57977BE93FA}.Debug|x64.Build.0 = Debug|Any CPU
		{7416EAD7-AD1E-486B-9CA4-B57977BE93FA}.Debug|x86.ActiveCfg = Debug|Any CPU
		{7416EAD7-AD1E-486B-9CA4-B57977BE93FA}.Debug|x86.Build.0 = Debug|Any CPU
		{7416EAD7-AD1E-486B-9CA4-B57977BE93FA}.Release|Any CPU.ActiveCfg = Release|Any CPU
		{7416EAD7-AD1E-486B-9CA4-B57977BE93FA}.Release|Any CPU.Build.0 = Release|Any CPU
		{7416EAD7-AD1E-486B-9CA4-B57977BE93FA}.Release|ARM.ActiveCfg = Release|Any CPU
		{7416EAD7-AD1E-486B-9CA4-B57977BE93FA}.Release|ARM.Build.0 = Release|Any CPU
		{7416EAD7-AD1E-486B-9CA4-B57977BE93FA}.Release|x64.ActiveCfg = Release|Any CPU
		{7416EAD7-AD1E-486B-9CA4-B57977BE93FA}.Release|x64.Build.0 = Release|Any CPU
		{7416EAD7-AD1E-486B-9CA4-B57977BE93FA}.Release|x86.ActiveCfg = Release|Any CPU
		{7416EAD7-AD1E-486B-9CA4-B57977BE93FA}.Release|x86.Build.0 = Release|Any CPU
		{A904E556-E13B-43D5-8963-B3BCF8D1105C}.Debug|Any CPU.ActiveCfg = Debug|Any CPU
		{A904E556-E13B-43D5-8963-B3BCF8D1105C}.Debug|Any CPU.Build.0 = Debug|Any CPU
		{A904E556-E13B-43D5-8963-B3BCF8D1105C}.Debug|ARM.ActiveCfg = Debug|Any CPU
		{A904E556-E13B-43D5-8963-B3BCF8D1105C}.Debug|ARM.Build.0 = Debug|Any CPU
		{A904E556-E13B-43D5-8963-B3BCF8D1105C}.Debug|x64.ActiveCfg = Debug|Any CPU
		{A904E556-E13B-43D5-8963-B3BCF8D1105C}.Debug|x64.Build.0 = Debug|Any CPU
		{A904E556-E13B-43D5-8963-B3BCF8D1105C}.Debug|x86.ActiveCfg = Debug|Any CPU
		{A904E556-E13B-43D5-8963-B3BCF8D1105C}.Debug|x86.Build.0 = Debug|Any CPU
		{A904E556-E13B-43D5-8963-B3BCF8D1105C}.Release|Any CPU.ActiveCfg = Release|Any CPU
		{A904E556-E13B-43D5-8963-B3BCF8D1105C}.Release|Any CPU.Build.0 = Release|Any CPU
		{A904E556-E13B-43D5-8963-B3BCF8D1105C}.Release|ARM.ActiveCfg = Release|Any CPU
		{A904E556-E13B-43D5-8963-B3BCF8D1105C}.Release|ARM.Build.0 = Release|Any CPU
		{A904E556-E13B-43D5-8963-B3BCF8D1105C}.Release|x64.ActiveCfg = Release|Any CPU
		{A904E556-E13B-43D5-8963-B3BCF8D1105C}.Release|x64.Build.0 = Release|Any CPU
		{A904E556-E13B-43D5-8963-B3BCF8D1105C}.Release|x86.ActiveCfg = Release|Any CPU
		{A904E556-E13B-43D5-8963-B3BCF8D1105C}.Release|x86.Build.0 = Release|Any CPU
		{FBF7DA01-E49C-4AE2-99C2-580A10337611}.Debug|Any CPU.ActiveCfg = Debug|Any CPU
		{FBF7DA01-E49C-4AE2-99C2-580A10337611}.Debug|Any CPU.Build.0 = Debug|Any CPU
		{FBF7DA01-E49C-4AE2-99C2-580A10337611}.Debug|ARM.ActiveCfg = Debug|Any CPU
		{FBF7DA01-E49C-4AE2-99C2-580A10337611}.Debug|ARM.Build.0 = Debug|Any CPU
		{FBF7DA01-E49C-4AE2-99C2-580A10337611}.Debug|x64.ActiveCfg = Debug|Any CPU
		{FBF7DA01-E49C-4AE2-99C2-580A10337611}.Debug|x64.Build.0 = Debug|Any CPU
		{FBF7DA01-E49C-4AE2-99C2-580A10337611}.Debug|x86.ActiveCfg = Debug|Any CPU
		{FBF7DA01-E49C-4AE2-99C2-580A10337611}.Debug|x86.Build.0 = Debug|Any CPU
		{FBF7DA01-E49C-4AE2-99C2-580A10337611}.Release|Any CPU.ActiveCfg = Release|Any CPU
		{FBF7DA01-E49C-4AE2-99C2-580A10337611}.Release|Any CPU.Build.0 = Release|Any CPU
		{FBF7DA01-E49C-4AE2-99C2-580A10337611}.Release|ARM.ActiveCfg = Release|Any CPU
		{FBF7DA01-E49C-4AE2-99C2-580A10337611}.Release|ARM.Build.0 = Release|Any CPU
		{FBF7DA01-E49C-4AE2-99C2-580A10337611}.Release|x64.ActiveCfg = Release|Any CPU
		{FBF7DA01-E49C-4AE2-99C2-580A10337611}.Release|x64.Build.0 = Release|Any CPU
		{FBF7DA01-E49C-4AE2-99C2-580A10337611}.Release|x86.ActiveCfg = Release|Any CPU
		{FBF7DA01-E49C-4AE2-99C2-580A10337611}.Release|x86.Build.0 = Release|Any CPU
		{F86CCF5E-22A8-459B-9406-6ADECF872CD3}.Debug|Any CPU.ActiveCfg = Debug|Any CPU
		{F86CCF5E-22A8-459B-9406-6ADECF872CD3}.Debug|Any CPU.Build.0 = Debug|Any CPU
		{F86CCF5E-22A8-459B-9406-6ADECF872CD3}.Debug|ARM.ActiveCfg = Debug|Any CPU
		{F86CCF5E-22A8-459B-9406-6ADECF872CD3}.Debug|ARM.Build.0 = Debug|Any CPU
		{F86CCF5E-22A8-459B-9406-6ADECF872CD3}.Debug|x64.ActiveCfg = Debug|Any CPU
		{F86CCF5E-22A8-459B-9406-6ADECF872CD3}.Debug|x64.Build.0 = Debug|Any CPU
		{F86CCF5E-22A8-459B-9406-6ADECF872CD3}.Debug|x86.ActiveCfg = Debug|Any CPU
		{F86CCF5E-22A8-459B-9406-6ADECF872CD3}.Debug|x86.Build.0 = Debug|Any CPU
		{F86CCF5E-22A8-459B-9406-6ADECF872CD3}.Release|Any CPU.ActiveCfg = Release|Any CPU
		{F86CCF5E-22A8-459B-9406-6ADECF872CD3}.Release|Any CPU.Build.0 = Release|Any CPU
		{F86CCF5E-22A8-459B-9406-6ADECF872CD3}.Release|ARM.ActiveCfg = Release|Any CPU
		{F86CCF5E-22A8-459B-9406-6ADECF872CD3}.Release|ARM.Build.0 = Release|Any CPU
		{F86CCF5E-22A8-459B-9406-6ADECF872CD3}.Release|x64.ActiveCfg = Release|Any CPU
		{F86CCF5E-22A8-459B-9406-6ADECF872CD3}.Release|x64.Build.0 = Release|Any CPU
		{F86CCF5E-22A8-459B-9406-6ADECF872CD3}.Release|x86.ActiveCfg = Release|Any CPU
		{F86CCF5E-22A8-459B-9406-6ADECF872CD3}.Release|x86.Build.0 = Release|Any CPU
	EndGlobalSection
	GlobalSection(SolutionProperties) = preSolution
		HideSolutionNode = FALSE
	EndGlobalSection
	GlobalSection(NestedProjects) = preSolution
		{BB132FA1-13A6-44AE-9017-90B2D3060044} = {F8CCC742-0424-4BB7-BF20-24A1D90D6F5F}
		{7416EAD7-AD1E-486B-9CA4-B57977BE93FA} = {0ACC0035-F1FD-4B66-9F7A-6D95720F42FB}
		{A904E556-E13B-43D5-8963-B3BCF8D1105C} = {F8CCC742-0424-4BB7-BF20-24A1D90D6F5F}
		{087109E7-C245-4A67-B0DB-925C99A9F55D} = {CA754B32-CACA-4449-BA46-1438D9A47FA5}
		{FBF7DA01-E49C-4AE2-99C2-580A10337611} = {087109E7-C245-4A67-B0DB-925C99A9F55D}
		{F86CCF5E-22A8-459B-9406-6ADECF872CD3} = {F8CCC742-0424-4BB7-BF20-24A1D90D6F5F}
	EndGlobalSection
	GlobalSection(ExtensibilityGlobals) = postSolution
		EnterpriseLibraryConfigurationToolBinariesPath = packages\Unity.2.1.505.0\lib\NET35;packages\Unity.Interception.2.1.505.0\lib\NET35;packages\EnterpriseLibrary.Common.5.0.505.0\lib\NET35;packages\EnterpriseLibrary.Logging.5.0.505.1\lib\NET35
		SolutionGuid = {13471235-3EB0-4BB2-B935-B4053DD6A80D}
	EndGlobalSection
EndGlobal
